
Microsoft Visual Studio Solution File, Format Version 12.00
# Visual Studio 14
VisualStudioVersion = 14.0.25420.1
MinimumVisualStudioVersion = 10.0.40219.1
Project("{FAE04EC0-301F-11D3-BF4B-00C04F79EFBC}") = "SalkoDev.KawaiiTwitter", "KawaiiTwitter\SalkoDev.KawaiiTwitter.csproj", "{2FEEFF2B-682C-4BBA-B16B-2C2069E35851}"
EndProject
Project("{FAE04EC0-301F-11D3-BF4B-00C04F79EFBC}") = "Templates", "..\Templates\Templates.csproj", "{4B4224DE-BDB3-4C0A-AEB9-CAABA2C247F8}"
EndProject
Project("{FAE04EC0-301F-11D3-BF4B-00C04F79EFBC}") = "DbLinq", "DbLinq\DbLinq\DbLinq.csproj", "{7950197D-4122-49CB-9FD7-45E666BAFEC2}"
EndProject
Project("{FAE04EC0-301F-11D3-BF4B-00C04F79EFBC}") = "DbLinq.Sqlite", "DbLinq\DbLinq.Sqlite\DbLinq.Sqlite.csproj", "{60B9AFA1-99B4-4DE6-80E1-80BBED1AC755}"
EndProject
Global
	GlobalSection(SolutionConfigurationPlatforms) = preSolution
		Debug - Mono Strict|Any CPU = Debug - Mono Strict|Any CPU
		Debug|Any CPU = Debug|Any CPU
		Release|Any CPU = Release|Any CPU
	EndGlobalSection
	GlobalSection(ProjectConfigurationPlatforms) = postSolution
		{2FEEFF2B-682C-4BBA-B16B-2C2069E35851}.Debug - Mono Strict|Any CPU.ActiveCfg = Debug|Any CPU
		{2FEEFF2B-682C-4BBA-B16B-2C2069E35851}.Debug - Mono Strict|Any CPU.Build.0 = Debug|Any CPU
		{2FEEFF2B-682C-4BBA-B16B-2C2069E35851}.Debug|Any CPU.ActiveCfg = Debug|Any CPU
		{2FEEFF2B-682C-4BBA-B16B-2C2069E35851}.Debug|Any CPU.Build.0 = Debug|Any CPU
		{2FEEFF2B-682C-4BBA-B16B-2C2069E35851}.Release|Any CPU.ActiveCfg = Release|Any CPU
		{2FEEFF2B-682C-4BBA-B16B-2C2069E35851}.Release|Any CPU.Build.0 = Release|Any CPU
		{4B4224DE-BDB3-4C0A-AEB9-CAABA2C247F8}.Debug - Mono Strict|Any CPU.ActiveCfg = Debug|Any CPU
		{4B4224DE-BDB3-4C0A-AEB9-CAABA2C247F8}.Debug - Mono Strict|Any CPU.Build.0 = Debug|Any CPU
		{4B4224DE-BDB3-4C0A-AEB9-CAABA2C247F8}.Debug|Any CPU.ActiveCfg = Debug|Any CPU
		{4B4224DE-BDB3-4C0A-AEB9-CAABA2C247F8}.Debug|Any CPU.Build.0 = Debug|Any CPU
		{4B4224DE-BDB3-4C0A-AEB9-CAABA2C247F8}.Release|Any CPU.ActiveCfg = Release|Any CPU
		{4B4224DE-BDB3-4C0A-AEB9-CAABA2C247F8}.Release|Any CPU.Build.0 = Release|Any CPU
		{7950197D-4122-49CB-9FD7-45E666BAFEC2}.Debug - Mono Strict|Any CPU.ActiveCfg = Debug - Mono Strict|Any CPU
		{7950197D-4122-49CB-9FD7-45E666BAFEC2}.Debug - Mono Strict|Any CPU.Build.0 = Debug - Mono Strict|Any CPU
		{7950197D-4122-49CB-9FD7-45E666BAFEC2}.Debug|Any CPU.ActiveCfg = Debug|Any CPU
		{7950197D-4122-49CB-9FD7-45E666BAFEC2}.Debug|Any CPU.Build.0 = Debug|Any CPU
		{7950197D-4122-49CB-9FD7-45E666BAFEC2}.Release|Any CPU.ActiveCfg = Release|Any CPU
		{7950197D-4122-49CB-9FD7-45E666BAFEC2}.Release|Any CPU.Build.0 = Release|Any CPU
		{60B9AFA1-99B4-4DE6-80E1-80BBED1AC755}.Debug - Mono Strict|Any CPU.ActiveCfg = Debug|Any CPU
		{60B9AFA1-99B4-4DE6-80E1-80BBED1AC755}.Debug - Mono Strict|Any CPU.Build.0 = Debug|Any CPU
		{60B9AFA1-99B4-4DE6-80E1-80BBED1AC755}.Debug|Any CPU.ActiveCfg = Debug|Any CPU
		{60B9AFA1-99B4-4DE6-80E1-80BBED1AC755}.Debug|Any CPU.Build.0 = Debug|Any CPU
		{60B9AFA1-99B4-4DE6-80E1-80BBED1AC755}.Release|Any CPU.ActiveCfg = Release|Any CPU
		{60B9AFA1-99B4-4DE6-80E1-80BBED1AC755}.Release|Any CPU.Build.0 = Release|Any CPU
	EndGlobalSection
	GlobalSection(SolutionProperties) = preSolution
		HideSolutionNode = FALSE
	EndGlobalSection
EndGlobal
